
Microsoft Visual Studio Solution File, Format Version 12.00
# Visual Studio 15
VisualStudioVersion = 15.0.26730.12
MinimumVisualStudioVersion = 10.0.40219.1
Project("{9A19103F-16F7-4668-BE54-9A1E7A4F7556}") = "Jotter.Scenarios", "src\Jotter.Scenarios\Jotter.Scenarios.csproj", "{6B41530C-7E92-4A40-AF98-B5B3BD34BB44}"
EndProject
Project("{FAE04EC0-301F-11D3-BF4B-00C04F79EFBC}") = "Jotter.Console", "src\Jotter.Console\Jotter.Console.csproj", "{A2960199-6C39-44A0-8DDF-D8078B384F6C}"
EndProject
Global
	GlobalSection(SolutionConfigurationPlatforms) = preSolution
		Debug|Any CPU = Debug|Any CPU
		Release|Any CPU = Release|Any CPU
	EndGlobalSection
	GlobalSection(ProjectConfigurationPlatforms) = postSolution
		{6B41530C-7E92-4A40-AF98-B5B3BD34BB44}.Debug|Any CPU.ActiveCfg = Debug|Any CPU
		{6B41530C-7E92-4A40-AF98-B5B3BD34BB44}.Debug|Any CPU.Build.0 = Debug|Any CPU
		{6B41530C-7E92-4A40-AF98-B5B3BD34BB44}.Release|Any CPU.ActiveCfg = Release|Any CPU
		{6B41530C-7E92-4A40-AF98-B5B3BD34BB44}.Release|Any CPU.Build.0 = Release|Any CPU
		{A2960199-6C39-44A0-8DDF-D8078B384F6C}.Debug|Any CPU.ActiveCfg = Debug|Any CPU
		{A2960199-6C39-44A0-8DDF-D8078B384F6C}.Debug|Any CPU.Build.0 = Debug|Any CPU
		{A2960199-6C39-44A0-8DDF-D8078B384F6C}.Release|Any CPU.ActiveCfg = Release|Any CPU
		{A2960199-6C39-44A0-8DDF-D8078B384F6C}.Release|Any CPU.Build.0 = Release|Any CPU
	EndGlobalSection
	GlobalSection(SolutionProperties) = preSolution
		HideSolutionNode = FALSE
	EndGlobalSection
	GlobalSection(ExtensibilityGlobals) = postSolution
		SolutionGuid = {316EE49A-4DBC-4C8A-98D7-E61857FAF5EE}
	EndGlobalSection
EndGlobal
